
Microsoft Visual Studio Solution File, Format Version 12.00
# Visual Studio 15
VisualStudioVersion = 15.0.28307.1209
MinimumVisualStudioVersion = 10.0.40219.1
Project("{FAE04EC0-301F-11D3-BF4B-00C04F79EFBC}") = "CryptoManager", "CryptoManager\CryptoManager.csproj", "{05AE1FB6-2E31-4A27-8D56-9CAD1791D6BA}"
EndProject
Global
	GlobalSection(SolutionConfigurationPlatforms) = preSolution
		Debug|Any CPU = Debug|Any CPU
		Release|Any CPU = Release|Any CPU
	EndGlobalSection
	GlobalSection(ProjectConfigurationPlatforms) = postSolution
		{05AE1FB6-2E31-4A27-8D56-9CAD1791D6BA}.Debug|Any CPU.ActiveCfg = Debug|Any CPU
		{05AE1FB6-2E31-4A27-8D56-9CAD1791D6BA}.Debug|Any CPU.Build.0 = Debug|Any CPU
		{05AE1FB6-2E31-4A27-8D56-9CAD1791D6BA}.Release|Any CPU.ActiveCfg = Release|Any CPU
		{05AE1FB6-2E31-4A27-8D56-9CAD1791D6BA}.Release|Any CPU.Build.0 = Release|Any CPU
	EndGlobalSection
	GlobalSection(SolutionProperties) = preSolution
		HideSolutionNode = FALSE
	EndGlobalSection
	GlobalSection(ExtensibilityGlobals) = postSolution
		SolutionGuid = {0A2B4FF4-204E-4E46-912E-4B30544305D7}
	EndGlobalSection
EndGlobal
