
Microsoft Visual Studio Solution File, Format Version 12.00
# Visual Studio 15
VisualStudioVersion = 15.0.28307.1209
MinimumVisualStudioVersion = 10.0.40219.1
Project("{FAE04EC0-301F-11D3-BF4B-00C04F79EFBC}") = "CryptoHelper", "CryptoHelper\CryptoHelper.csproj", "{7591E586-6C0D-4F86-A54F-3E9733448D9C}"
EndProject
Project("{FAE04EC0-301F-11D3-BF4B-00C04F79EFBC}") = "Test", "Test\Test.csproj", "{10F5CBB3-E85D-43D2-9EB8-1889E65F2900}"
EndProject
Global
	GlobalSection(SolutionConfigurationPlatforms) = preSolution
		Debug|Any CPU = Debug|Any CPU
		Release|Any CPU = Release|Any CPU
	EndGlobalSection
	GlobalSection(ProjectConfigurationPlatforms) = postSolution
		{7591E586-6C0D-4F86-A54F-3E9733448D9C}.Debug|Any CPU.ActiveCfg = Debug|Any CPU
		{7591E586-6C0D-4F86-A54F-3E9733448D9C}.Debug|Any CPU.Build.0 = Debug|Any CPU
		{7591E586-6C0D-4F86-A54F-3E9733448D9C}.Release|Any CPU.ActiveCfg = Release|Any CPU
		{7591E586-6C0D-4F86-A54F-3E9733448D9C}.Release|Any CPU.Build.0 = Release|Any CPU
		{10F5CBB3-E85D-43D2-9EB8-1889E65F2900}.Debug|Any CPU.ActiveCfg = Debug|Any CPU
		{10F5CBB3-E85D-43D2-9EB8-1889E65F2900}.Debug|Any CPU.Build.0 = Debug|Any CPU
		{10F5CBB3-E85D-43D2-9EB8-1889E65F2900}.Release|Any CPU.ActiveCfg = Release|Any CPU
		{10F5CBB3-E85D-43D2-9EB8-1889E65F2900}.Release|Any CPU.Build.0 = Release|Any CPU
	EndGlobalSection
	GlobalSection(SolutionProperties) = preSolution
		HideSolutionNode = FALSE
	EndGlobalSection
	GlobalSection(ExtensibilityGlobals) = postSolution
		SolutionGuid = {3698735B-79CA-4679-81E1-94244C905EEC}
	EndGlobalSection
EndGlobal
